// !$*UTF8*$!
{
	archiveVersion = 1;
	classes = {
	};
	objectVersion = 50;
	objects = {

/* Begin PBXBuildFile section */
		D119AC5623EA24AD00BC93A3 /* main.cpp in Sources */ = {isa = PBXBuildFile; fileRef = D119AC5523EA24AD00BC93A3 /* main.cpp */; };
		D119AC5E23EA24EB00BC93A3 /* mrdfile.cpp in Sources */ = {isa = PBXBuildFile; fileRef = D119AC5C23EA24EB00BC93A3 /* mrdfile.cpp */; };
		D119AC6123EA257800BC93A3 /* kspace.cpp in Sources */ = {isa = PBXBuildFile; fileRef = D119AC5F23EA257800BC93A3 /* kspace.cpp */; };
		D1EF801523EB09E6008C48A5 /* libfftw3.a in Frameworks */ = {isa = PBXBuildFile; fileRef = D1EF801423EB09E6008C48A5 /* libfftw3.a */; };
		D1EF801823EB87EE008C48A5 /* kspacetransform.cpp in Sources */ = {isa = PBXBuildFile; fileRef = D1EF801623EB87EE008C48A5 /* kspacetransform.cpp */; };
		D1EF801B23EB8838008C48A5 /* kspacerepresentation.cpp in Sources */ = {isa = PBXBuildFile; fileRef = D1EF801923EB8838008C48A5 /* kspacerepresentation.cpp */; };
		D1EF802223EC8888008C48A5 /* EasyBMP.cpp in Sources */ = {isa = PBXBuildFile; fileRef = D1EF802023EC8888008C48A5 /* EasyBMP.cpp */; };
/* End PBXBuildFile section */

/* Begin PBXCopyFilesBuildPhase section */
		D119AC5023EA24AD00BC93A3 /* CopyFiles */ = {
			isa = PBXCopyFilesBuildPhase;
			buildActionMask = 2147483647;
			dstPath = /usr/share/man/man1/;
			dstSubfolderSpec = 0;
			files = (
			);
			runOnlyForDeploymentPostprocessing = 1;
		};
/* End PBXCopyFilesBuildPhase section */

/* Begin PBXFileReference section */
		D119AC5223EA24AD00BC93A3 /* mrd2bmp */ = {isa = PBXFileReference; explicitFileType = "compiled.mach-o.executable"; includeInIndex = 0; path = mrd2bmp; sourceTree = BUILT_PRODUCTS_DIR; };
		D119AC5523EA24AD00BC93A3 /* main.cpp */ = {isa = PBXFileReference; lastKnownFileType = sourcecode.cpp.cpp; path = main.cpp; sourceTree = "<group>"; };
		D119AC5C23EA24EB00BC93A3 /* mrdfile.cpp */ = {isa = PBXFileReference; lastKnownFileType = sourcecode.cpp.cpp; path = mrdfile.cpp; sourceTree = "<group>"; };
		D119AC5D23EA24EB00BC93A3 /* mrdfile.h */ = {isa = PBXFileReference; lastKnownFileType = sourcecode.c.h; path = mrdfile.h; sourceTree = "<group>"; };
		D119AC5F23EA257800BC93A3 /* kspace.cpp */ = {isa = PBXFileReference; lastKnownFileType = sourcecode.cpp.cpp; path = kspace.cpp; sourceTree = "<group>"; };
		D119AC6023EA257800BC93A3 /* kspace.h */ = {isa = PBXFileReference; lastKnownFileType = sourcecode.c.h; path = kspace.h; sourceTree = "<group>"; };
		D1EF800F23EAC72F008C48A5 /* datatypedefs.h */ = {isa = PBXFileReference; lastKnownFileType = sourcecode.c.h; path = datatypedefs.h; sourceTree = "<group>"; };
		D1EF801423EB09E6008C48A5 /* libfftw3.a */ = {isa = PBXFileReference; lastKnownFileType = archive.ar; name = libfftw3.a; path = "3rdParty/fftw-3.3.8/.libs/libfftw3.a"; sourceTree = "<group>"; };
		D1EF801623EB87EE008C48A5 /* kspacetransform.cpp */ = {isa = PBXFileReference; lastKnownFileType = sourcecode.cpp.cpp; path = kspacetransform.cpp; sourceTree = "<group>"; };
		D1EF801723EB87EE008C48A5 /* kspacetransform.h */ = {isa = PBXFileReference; lastKnownFileType = sourcecode.c.h; path = kspacetransform.h; sourceTree = "<group>"; };
		D1EF801923EB8838008C48A5 /* kspacerepresentation.cpp */ = {isa = PBXFileReference; lastKnownFileType = sourcecode.cpp.cpp; path = kspacerepresentation.cpp; sourceTree = "<group>"; };
		D1EF801A23EB8838008C48A5 /* kspacerepresentation.h */ = {isa = PBXFileReference; lastKnownFileType = sourcecode.c.h; path = kspacerepresentation.h; sourceTree = "<group>"; };
		D1EF802023EC8888008C48A5 /* EasyBMP.cpp */ = {isa = PBXFileReference; fileEncoding = 4; lastKnownFileType = sourcecode.cpp.cpp; name = EasyBMP.cpp; path = 3rdParty/EasyBMP_1.06/EasyBMP.cpp; sourceTree = "<group>"; };
		D1EF802123EC8888008C48A5 /* EasyBMP.h */ = {isa = PBXFileReference; fileEncoding = 4; lastKnownFileType = sourcecode.c.h; name = EasyBMP.h; path = 3rdParty/EasyBMP_1.06/EasyBMP.h; sourceTree = "<group>"; };
/* End PBXFileReference section */

/* Begin PBXFrameworksBuildPhase section */
		D119AC4F23EA24AD00BC93A3 /* Frameworks */ = {
			isa = PBXFrameworksBuildPhase;
			buildActionMask = 2147483647;
			files = (
				D1EF801523EB09E6008C48A5 /* libfftw3.a in Frameworks */,
			);
			runOnlyForDeploymentPostprocessing = 0;
		};
/* End PBXFrameworksBuildPhase section */

/* Begin PBXGroup section */
		D119AC4923EA24AD00BC93A3 = {
			isa = PBXGroup;
			children = (
				D119AC5423EA24AD00BC93A3 /* mrd2bmp */,
				D119AC5323EA24AD00BC93A3 /* Products */,
				D1EF801323EB09E6008C48A5 /* Frameworks */,
			);
			sourceTree = "<group>";
		};
		D119AC5323EA24AD00BC93A3 /* Products */ = {
			isa = PBXGroup;
			children = (
				D119AC5223EA24AD00BC93A3 /* mrd2bmp */,
			);
			name = Products;
			sourceTree = "<group>";
		};
		D119AC5423EA24AD00BC93A3 /* mrd2bmp */ = {
			isa = PBXGroup;
			children = (
				D1EF802023EC8888008C48A5 /* EasyBMP.cpp */,
				D1EF802123EC8888008C48A5 /* EasyBMP.h */,
				D1EF801F23EC885A008C48A5 /* src */,
			);
			path = mrd2bmp;
			sourceTree = "<group>";
		};
		D1EF801323EB09E6008C48A5 /* Frameworks */ = {
			isa = PBXGroup;
			children = (
				D1EF801423EB09E6008C48A5 /* libfftw3.a */,
			);
			name = Frameworks;
			sourceTree = "<group>";
		};
		D1EF801E23EC8821008C48A5 /* kspace */ = {
			isa = PBXGroup;
			children = (
				D119AC5C23EA24EB00BC93A3 /* mrdfile.cpp */,
				D119AC5D23EA24EB00BC93A3 /* mrdfile.h */,
				D119AC5F23EA257800BC93A3 /* kspace.cpp */,
				D119AC6023EA257800BC93A3 /* kspace.h */,
				D1EF800F23EAC72F008C48A5 /* datatypedefs.h */,
				D1EF801623EB87EE008C48A5 /* kspacetransform.cpp */,
				D1EF801723EB87EE008C48A5 /* kspacetransform.h */,
				D1EF801923EB8838008C48A5 /* kspacerepresentation.cpp */,
				D1EF801A23EB8838008C48A5 /* kspacerepresentation.h */,
			);
			path = kspace;
			sourceTree = "<group>";
		};
		D1EF801F23EC885A008C48A5 /* src */ = {
			isa = PBXGroup;
			children = (
				D119AC5523EA24AD00BC93A3 /* main.cpp */,
				D1EF801E23EC8821008C48A5 /* kspace */,
			);
			path = src;
			sourceTree = "<group>";
		};
/* End PBXGroup section */

/* Begin PBXNativeTarget section */
		D119AC5123EA24AD00BC93A3 /* mrd2bmp */ = {
			isa = PBXNativeTarget;
			buildConfigurationList = D119AC5923EA24AD00BC93A3 /* Build configuration list for PBXNativeTarget "mrd2bmp" */;
			buildPhases = (
				D119AC4E23EA24AD00BC93A3 /* Sources */,
				D119AC4F23EA24AD00BC93A3 /* Frameworks */,
				D119AC5023EA24AD00BC93A3 /* CopyFiles */,
			);
			buildRules = (
			);
			dependencies = (
			);
			name = mrd2bmp;
			productName = mrd2bmp;
			productReference = D119AC5223EA24AD00BC93A3 /* mrd2bmp */;
			productType = "com.apple.product-type.tool";
		};
/* End PBXNativeTarget section */

/* Begin PBXProject section */
		D119AC4A23EA24AD00BC93A3 /* Project object */ = {
			isa = PBXProject;
			attributes = {
				LastUpgradeCheck = 1030;
				ORGANIZATIONNAME = "Iustin Amihaesei";
				TargetAttributes = {
					D119AC5123EA24AD00BC93A3 = {
						CreatedOnToolsVersion = 10.3;
					};
				};
			};
			buildConfigurationList = D119AC4D23EA24AD00BC93A3 /* Build configuration list for PBXProject "mrd2bmp" */;
			compatibilityVersion = "Xcode 9.3";
			developmentRegion = en;
			hasScannedForEncodings = 0;
			knownRegions = (
				en,
			);
			mainGroup = D119AC4923EA24AD00BC93A3;
			productRefGroup = D119AC5323EA24AD00BC93A3 /* Products */;
			projectDirPath = "";
			projectRoot = "";
			targets = (
				D119AC5123EA24AD00BC93A3 /* mrd2bmp */,
			);
		};
/* End PBXProject section */

/* Begin PBXSourcesBuildPhase section */
		D119AC4E23EA24AD00BC93A3 /* Sources */ = {
			isa = PBXSourcesBuildPhase;
			buildActionMask = 2147483647;
			files = (
				D119AC5623EA24AD00BC93A3 /* main.cpp in Sources */,
				D1EF801B23EB8838008C48A5 /* kspacerepresentation.cpp in Sources */,
				D119AC5E23EA24EB00BC93A3 /* mrdfile.cpp in Sources */,
				D1EF802223EC8888008C48A5 /* EasyBMP.cpp in Sources */,
				D1EF801823EB87EE008C48A5 /* kspacetransform.cpp in Sources */,
				D119AC6123EA257800BC93A3 /* kspace.cpp in Sources */,
			);
			runOnlyForDeploymentPostprocessing = 0;
		};
/* End PBXSourcesBuildPhase section */

/* Begin XCBuildConfiguration section */
		D119AC5723EA24AD00BC93A3 /* Debug */ = {
			isa = XCBuildConfiguration;
			buildSettings = {
				ALWAYS_SEARCH_USER_PATHS = NO;
				CLANG_ANALYZER_NONNULL = YES;
				CLANG_ANALYZER_NUMBER_OBJECT_CONVERSION = YES_AGGRESSIVE;
				CLANG_CXX_LANGUAGE_STANDARD = "gnu++14";
				CLANG_CXX_LIBRARY = "libc++";
				CLANG_ENABLE_MODULES = YES;
				CLANG_ENABLE_OBJC_ARC = YES;
				CLANG_ENABLE_OBJC_WEAK = YES;
				CLANG_WARN_BLOCK_CAPTURE_AUTORELEASING = YES;
				CLANG_WARN_BOOL_CONVERSION = YES;
				CLANG_WARN_COMMA = YES;
				CLANG_WARN_CONSTANT_CONVERSION = YES;
				CLANG_WARN_DEPRECATED_OBJC_IMPLEMENTATIONS = YES;
				CLANG_WARN_DIRECT_OBJC_ISA_USAGE = YES_ERROR;
				CLANG_WARN_DOCUMENTATION_COMMENTS = YES;
				CLANG_WARN_EMPTY_BODY = YES;
				CLANG_WARN_ENUM_CONVERSION = YES;
				CLANG_WARN_INFINITE_RECURSION = YES;
				CLANG_WARN_INT_CONVERSION = YES;
				CLANG_WARN_NON_LITERAL_NULL_CONVERSION = YES;
				CLANG_WARN_OBJC_IMPLICIT_RETAIN_SELF = YES;
				CLANG_WARN_OBJC_LITERAL_CONVERSION = YES;
				CLANG_WARN_OBJC_ROOT_CLASS = YES_ERROR;
				CLANG_WARN_RANGE_LOOP_ANALYSIS = YES;
				CLANG_WARN_STRICT_PROTOTYPES = YES;
				CLANG_WARN_SUSPICIOUS_MOVE = YES;
				CLANG_WARN_UNGUARDED_AVAILABILITY = YES_AGGRESSIVE;
				CLANG_WARN_UNREACHABLE_CODE = YES;
				CLANG_WARN__DUPLICATE_METHOD_MATCH = YES;
				CODE_SIGN_IDENTITY = "-";
				COPY_PHASE_STRIP = NO;
				DEBUG_INFORMATION_FORMAT = dwarf;
				ENABLE_STRICT_OBJC_MSGSEND = YES;
				ENABLE_TESTABILITY = YES;
				GCC_C_LANGUAGE_STANDARD = gnu11;
				GCC_DYNAMIC_NO_PIC = NO;
				GCC_NO_COMMON_BLOCKS = YES;
				GCC_OPTIMIZATION_LEVEL = 0;
				GCC_PREPROCESSOR_DEFINITIONS = (
					"DEBUG=1",
					"$(inherited)",
				);
				GCC_WARN_64_TO_32_BIT_CONVERSION = YES;
				GCC_WARN_ABOUT_RETURN_TYPE = YES_ERROR;
				GCC_WARN_UNDECLARED_SELECTOR = YES;
				GCC_WARN_UNINITIALIZED_AUTOS = YES_AGGRESSIVE;
				GCC_WARN_UNUSED_FUNCTION = YES;
				GCC_WARN_UNUSED_VARIABLE = YES;
				MACOSX_DEPLOYMENT_TARGET = 10.14;
				MTL_ENABLE_DEBUG_INFO = INCLUDE_SOURCE;
				MTL_FAST_MATH = YES;
				ONLY_ACTIVE_ARCH = YES;
				SDKROOT = macosx;
			};
			name = Debug;
		};
		D119AC5823EA24AD00BC93A3 /* Release */ = {
			isa = XCBuildConfiguration;
			buildSettings = {
				ALWAYS_SEARCH_USER_PATHS = NO;
				CLANG_ANALYZER_NONNULL = YES;
				CLANG_ANALYZER_NUMBER_OBJECT_CONVERSION = YES_AGGRESSIVE;
				CLANG_CXX_LANGUAGE_STANDARD = "gnu++14";
				CLANG_CXX_LIBRARY = "libc++";
				CLANG_ENABLE_MODULES = YES;
				CLANG_ENABLE_OBJC_ARC = YES;
				CLANG_ENABLE_OBJC_WEAK = YES;
				CLANG_WARN_BLOCK_CAPTURE_AUTORELEASING = YES;
				CLANG_WARN_BOOL_CONVERSION = YES;
				CLANG_WARN_COMMA = YES;
				CLANG_WARN_CONSTANT_CONVERSION = YES;
				CLANG_WARN_DEPRECATED_OBJC_IMPLEMENTATIONS = YES;
				CLANG_WARN_DIRECT_OBJC_ISA_USAGE = YES_ERROR;
				CLANG_WARN_DOCUMENTATION_COMMENTS = YES;
				CLANG_WARN_EMPTY_BODY = YES;
				CLANG_WARN_ENUM_CONVERSION = YES;
				CLANG_WARN_INFINITE_RECURSION = YES;
				CLANG_WARN_INT_CONVERSION = YES;
				CLANG_WARN_NON_LITERAL_NULL_CONVERSION = YES;
				CLANG_WARN_OBJC_IMPLICIT_RETAIN_SELF = YES;
				CLANG_WARN_OBJC_LITERAL_CONVERSION = YES;
				CLANG_WARN_OBJC_ROOT_CLASS = YES_ERROR;
				CLANG_WARN_RANGE_LOOP_ANALYSIS = YES;
				CLANG_WARN_STRICT_PROTOTYPES = YES;
				CLANG_WARN_SUSPICIOUS_MOVE = YES;
				CLANG_WARN_UNGUARDED_AVAILABILITY = YES_AGGRESSIVE;
				CLANG_WARN_UNREACHABLE_CODE = YES;
				CLANG_WARN__DUPLICATE_METHOD_MATCH = YES;
				CODE_SIGN_IDENTITY = "-";
				COPY_PHASE_STRIP = NO;
				DEBUG_INFORMATION_FORMAT = "dwarf-with-dsym";
				ENABLE_NS_ASSERTIONS = NO;
				ENABLE_STRICT_OBJC_MSGSEND = YES;
				GCC_C_LANGUAGE_STANDARD = gnu11;
				GCC_NO_COMMON_BLOCKS = YES;
				GCC_WARN_64_TO_32_BIT_CONVERSION = YES;
				GCC_WARN_ABOUT_RETURN_TYPE = YES_ERROR;
				GCC_WARN_UNDECLARED_SELECTOR = YES;
				GCC_WARN_UNINITIALIZED_AUTOS = YES_AGGRESSIVE;
				GCC_WARN_UNUSED_FUNCTION = YES;
				GCC_WARN_UNUSED_VARIABLE = YES;
				MACOSX_DEPLOYMENT_TARGET = 10.14;
				MTL_ENABLE_DEBUG_INFO = NO;
				MTL_FAST_MATH = YES;
				SDKROOT = macosx;
			};
			name = Release;
		};
		D119AC5A23EA24AD00BC93A3 /* Debug */ = {
			isa = XCBuildConfiguration;
			buildSettings = {
				CODE_SIGN_STYLE = Automatic;
				"HEADER_SEARCH_PATHS[arch=*]" = "mrd2bmp/3rdParty/fftw-3.3.8/api/";
				LIBRARY_SEARCH_PATHS = "mrd2bmp//3rdParty/fftw-3.3.8/libs/mac";
				PRODUCT_NAME = "$(TARGET_NAME)";
				SYMROOT = ./build;
			};
			name = Debug;
		};
		D119AC5B23EA24AD00BC93A3 /* Release */ = {
			isa = XCBuildConfiguration;
			buildSettings = {
				CODE_SIGN_STYLE = Automatic;
				HEADER_SEARCH_PATHS = "mrd2bmp/3rdParty/fftw-3.3.8/api/";
				LIBRARY_SEARCH_PATHS = "mrd2bmp//3rdParty/fftw-3.3.8/libs/mac";
				PRODUCT_NAME = "$(TARGET_NAME)";
				SYMROOT = ./build;
			};
			name = Release;
		};
/* End XCBuildConfiguration section */

/* Begin XCConfigurationList section */
		D119AC4D23EA24AD00BC93A3 /* Build configuration list for PBXProject "mrd2bmp" */ = {
			isa = XCConfigurationList;
			buildConfigurations = (
				D119AC5723EA24AD00BC93A3 /* Debug */,
				D119AC5823EA24AD00BC93A3 /* Release */,
			);
			defaultConfigurationIsVisible = 0;
			defaultConfigurationName = Release;
		};
		D119AC5923EA24AD00BC93A3 /* Build configuration list for PBXNativeTarget "mrd2bmp" */ = {
			isa = XCConfigurationList;
			buildConfigurations = (
				D119AC5A23EA24AD00BC93A3 /* Debug */,
				D119AC5B23EA24AD00BC93A3 /* Release */,
			);
			defaultConfigurationIsVisible = 0;
			defaultConfigurationName = Release;
		};
/* End XCConfigurationList section */
	};
	rootObject = D119AC4A23EA24AD00BC93A3 /* Project object */;
}
