
Microsoft Visual Studio Solution File, Format Version 12.00
# Visual Studio 15
VisualStudioVersion = 15.0.28307.960
MinimumVisualStudioVersion = 10.0.40219.1
Project("{8BC9CEB8-8B4A-11D0-8D11-00A0C91BC942}") = "mrd2bmp", "mrd2bmp.vcxproj", "{2323DFE4-F009-4450-AFDB-9071E2009933}"
EndProject
Global
	GlobalSection(SolutionConfigurationPlatforms) = preSolution
		Debug|x64 = Debug|x64
		Debug|x86 = Debug|x86
		Release|x64 = Release|x64
		Release|x86 = Release|x86
	EndGlobalSection
	GlobalSection(ProjectConfigurationPlatforms) = postSolution
		{2323DFE4-F009-4450-AFDB-9071E2009933}.Debug|x64.ActiveCfg = Debug|x64
		{2323DFE4-F009-4450-AFDB-9071E2009933}.Debug|x64.Build.0 = Debug|x64
		{2323DFE4-F009-4450-AFDB-9071E2009933}.Debug|x86.ActiveCfg = Debug|Win32
		{2323DFE4-F009-4450-AFDB-9071E2009933}.Debug|x86.Build.0 = Debug|Win32
		{2323DFE4-F009-4450-AFDB-9071E2009933}.Release|x64.ActiveCfg = Release|x64
		{2323DFE4-F009-4450-AFDB-9071E2009933}.Release|x64.Build.0 = Release|x64
		{2323DFE4-F009-4450-AFDB-9071E2009933}.Release|x86.ActiveCfg = Release|Win32
		{2323DFE4-F009-4450-AFDB-9071E2009933}.Release|x86.Build.0 = Release|Win32
	EndGlobalSection
	GlobalSection(SolutionProperties) = preSolution
		HideSolutionNode = FALSE
	EndGlobalSection
	GlobalSection(ExtensibilityGlobals) = postSolution
		SolutionGuid = {673CDFF4-885F-42FC-94E6-583D99250602}
	EndGlobalSection
EndGlobal
